
Microsoft Visual Studio Solution File, Format Version 12.00
# Visual Studio 15
VisualStudioVersion = 15.0.26430.16
MinimumVisualStudioVersion = 10.0.40219.1
Project("{FAE04EC0-301F-11D3-BF4B-00C04F79EFBC}") = "AdminWebApp", "AdminWebApp\AdminWebApp.csproj", "{73C5E666-EF85-44F3-A816-6E01F764042C}"
EndProject
Project("{FAE04EC0-301F-11D3-BF4B-00C04F79EFBC}") = "BusinessAccessLayer", "BusinessAccessLayer\BusinessAccessLayer.csproj", "{209029CC-0998-45B7-9652-8FE7BABBA57D}"
EndProject
Project("{FAE04EC0-301F-11D3-BF4B-00C04F79EFBC}") = "DataAccessLayer", "DataAccessLayer\DataAccessLayer.csproj", "{86448F45-5CC9-484F-B367-D3913CAAA0E0}"
EndProject
Project("{FAE04EC0-301F-11D3-BF4B-00C04F79EFBC}") = "BusinessDataModel", "BusinessDataModel\BusinessDataModel.csproj", "{EA3E2F07-5CFC-44FF-BECB-C971DEC714FD}"
EndProject
Project("{FAE04EC0-301F-11D3-BF4B-00C04F79EFBC}") = "Shared", "Shared\Shared.csproj", "{10A743C1-6988-4195-8BA9-B1866CA11BD1}"
EndProject
Global
	GlobalSection(SolutionConfigurationPlatforms) = preSolution
		Debug|Any CPU = Debug|Any CPU
		Release|Any CPU = Release|Any CPU
	EndGlobalSection
	GlobalSection(ProjectConfigurationPlatforms) = postSolution
		{73C5E666-EF85-44F3-A816-6E01F764042C}.Debug|Any CPU.ActiveCfg = Debug|Any CPU
		{73C5E666-EF85-44F3-A816-6E01F764042C}.Debug|Any CPU.Build.0 = Debug|Any CPU
		{73C5E666-EF85-44F3-A816-6E01F764042C}.Release|Any CPU.ActiveCfg = Release|Any CPU
		{73C5E666-EF85-44F3-A816-6E01F764042C}.Release|Any CPU.Build.0 = Release|Any CPU
		{209029CC-0998-45B7-9652-8FE7BABBA57D}.Debug|Any CPU.ActiveCfg = Debug|Any CPU
		{209029CC-0998-45B7-9652-8FE7BABBA57D}.Debug|Any CPU.Build.0 = Debug|Any CPU
		{209029CC-0998-45B7-9652-8FE7BABBA57D}.Release|Any CPU.ActiveCfg = Release|Any CPU
		{209029CC-0998-45B7-9652-8FE7BABBA57D}.Release|Any CPU.Build.0 = Release|Any CPU
		{86448F45-5CC9-484F-B367-D3913CAAA0E0}.Debug|Any CPU.ActiveCfg = Debug|Any CPU
		{86448F45-5CC9-484F-B367-D3913CAAA0E0}.Debug|Any CPU.Build.0 = Debug|Any CPU
		{86448F45-5CC9-484F-B367-D3913CAAA0E0}.Release|Any CPU.ActiveCfg = Release|Any CPU
		{86448F45-5CC9-484F-B367-D3913CAAA0E0}.Release|Any CPU.Build.0 = Release|Any CPU
		{EA3E2F07-5CFC-44FF-BECB-C971DEC714FD}.Debug|Any CPU.ActiveCfg = Debug|Any CPU
		{EA3E2F07-5CFC-44FF-BECB-C971DEC714FD}.Debug|Any CPU.Build.0 = Debug|Any CPU
		{EA3E2F07-5CFC-44FF-BECB-C971DEC714FD}.Release|Any CPU.ActiveCfg = Release|Any CPU
		{EA3E2F07-5CFC-44FF-BECB-C971DEC714FD}.Release|Any CPU.Build.0 = Release|Any CPU
		{10A743C1-6988-4195-8BA9-B1866CA11BD1}.Debug|Any CPU.ActiveCfg = Debug|Any CPU
		{10A743C1-6988-4195-8BA9-B1866CA11BD1}.Debug|Any CPU.Build.0 = Debug|Any CPU
		{10A743C1-6988-4195-8BA9-B1866CA11BD1}.Release|Any CPU.ActiveCfg = Release|Any CPU
		{10A743C1-6988-4195-8BA9-B1866CA11BD1}.Release|Any CPU.Build.0 = Release|Any CPU
	EndGlobalSection
	GlobalSection(SolutionProperties) = preSolution
		HideSolutionNode = FALSE
	EndGlobalSection
EndGlobal
